# This file was autogenerated by Stack.
# You should not edit this file by hand.
# For more information, please see the documentation at:
#   https://docs.haskellstack.org/en/stable/lock_files

snapshots:
- original: lts-18.18
  completed:
    sha256: 63539429076b7ebbab6daa7656cfb079393bf644971156dc349d7c0453694ac2
    url: https://raw.githubusercontent.com/commercialhaskell/stackage-snapshots/master/lts/18/18.yaml
    size: 586296
packages:
- original:
    hackage: memoize-0.8.1@sha256:2146197c639c126796d850cb4457b24cfeb6966d6d878825f855aafce31f8874,1601
  completed:
    pantry-tree:
      sha256: 598188857937054d2cc4ac91aee580944d750e91120756507891d09e02056066
      size: 473
    hackage: memoize-0.8.1@sha256:2146197c639c126796d850cb4457b24cfeb6966d6d878825f855aafce31f8874,1601
